Microsoft Visual Studio Solution File, Format Version 10.00
# Visual Studio 2008

Project("{AB7BF619-6B0A-F582-98EA-E75B7C4EDAD1}") = "Proyecto_arena", "Assembly-CSharp-firstpass.csproj", "{873B4DE2-43AC-D496-65C9-1AE9F4F2B74D}"
EndProject
Project("{AB7BF619-6B0A-F582-98EA-E75B7C4EDAD1}") = "Proyecto_arena", "Assembly-CSharp.csproj", "{79F92C17-D379-C100-76D3-467331615AC1}"
EndProject
Project("{AB7BF619-6B0A-F582-98EA-E75B7C4EDAD1}") = "Proyecto_arena", "Assembly-UnityScript-firstpass.unityproj", "{63446AEC-C608-8427-F564-72B63BB9F3A1}"
EndProject
Global
	GlobalSection(SolutionConfigurationPlatforms) = preSolution
		Debug|Any CPU = Debug|Any CPU
		Release|Any CPU = Release|Any CPU
	EndGlobalSection
	GlobalSection(ProjectConfigurationPlatforms) = postSolution
		{873B4DE2-43AC-D496-65C9-1AE9F4F2B74D}.Debug|Any CPU.ActiveCfg = Debug|Any CPU
		{873B4DE2-43AC-D496-65C9-1AE9F4F2B74D}.Debug|Any CPU.Build.0 = Debug|Any CPU
		{873B4DE2-43AC-D496-65C9-1AE9F4F2B74D}.Release|Any CPU.ActiveCfg = Release|Any CPU
		{873B4DE2-43AC-D496-65C9-1AE9F4F2B74D}.Release|Any CPU.Build.0 = Release|Any CPU
		{79F92C17-D379-C100-76D3-467331615AC1}.Debug|Any CPU.ActiveCfg = Debug|Any CPU
		{79F92C17-D379-C100-76D3-467331615AC1}.Debug|Any CPU.Build.0 = Debug|Any CPU
		{79F92C17-D379-C100-76D3-467331615AC1}.Release|Any CPU.ActiveCfg = Release|Any CPU
		{79F92C17-D379-C100-76D3-467331615AC1}.Release|Any CPU.Build.0 = Release|Any CPU
		{63446AEC-C608-8427-F564-72B63BB9F3A1}.Debug|Any CPU.ActiveCfg = Debug|Any CPU
		{63446AEC-C608-8427-F564-72B63BB9F3A1}.Debug|Any CPU.Build.0 = Debug|Any CPU
		{63446AEC-C608-8427-F564-72B63BB9F3A1}.Release|Any CPU.ActiveCfg = Release|Any CPU
		{63446AEC-C608-8427-F564-72B63BB9F3A1}.Release|Any CPU.Build.0 = Release|Any CPU
	EndGlobalSection
	GlobalSection(SolutionProperties) = preSolution
		HideSolutionNode = FALSE
	EndGlobalSection
	
EndGlobal
